
Microsoft Visual Studio Solution File, Format Version 12.00
# Visual Studio Version 17
VisualStudioVersion = 17.12.35707.178
MinimumVisualStudioVersion = 10.0.40219.1
Project("{FAE04EC0-301F-11D3-BF4B-00C04F79EFBC}") = "Collections", "Collections.csproj", "{011ABB64-0EE8-406B-A04B-6A61ED85226B}"
EndProject
Project("{FAE04EC0-301F-11D3-BF4B-00C04F79EFBC}") = "Tuple", "..\Tuple\Tuple.csproj", "{CDEF7D17-00A2-4003-A641-AF4EB256A731}"
EndProject
Global
	GlobalSection(SolutionConfigurationPlatforms) = preSolution
		Debug|Any CPU = Debug|Any CPU
		Release|Any CPU = Release|Any CPU
	EndGlobalSection
	GlobalSection(ProjectConfigurationPlatforms) = postSolution
		{011ABB64-0EE8-406B-A04B-6A61ED85226B}.Debug|Any CPU.ActiveCfg = Debug|Any CPU
		{011ABB64-0EE8-406B-A04B-6A61ED85226B}.Debug|Any CPU.Build.0 = Debug|Any CPU
		{011ABB64-0EE8-406B-A04B-6A61ED85226B}.Release|Any CPU.ActiveCfg = Release|Any CPU
		{011ABB64-0EE8-406B-A04B-6A61ED85226B}.Release|Any CPU.Build.0 = Release|Any CPU
		{CDEF7D17-00A2-4003-A641-AF4EB256A731}.Debug|Any CPU.ActiveCfg = Debug|Any CPU
		{CDEF7D17-00A2-4003-A641-AF4EB256A731}.Debug|Any CPU.Build.0 = Debug|Any CPU
		{CDEF7D17-00A2-4003-A641-AF4EB256A731}.Release|Any CPU.ActiveCfg = Release|Any CPU
		{CDEF7D17-00A2-4003-A641-AF4EB256A731}.Release|Any CPU.Build.0 = Release|Any CPU
	EndGlobalSection
	GlobalSection(SolutionProperties) = preSolution
		HideSolutionNode = FALSE
	EndGlobalSection
EndGlobal
