
Microsoft Visual Studio Solution File, Format Version 12.00
# Visual Studio Version 17
VisualStudioVersion = 17.12.35707.178 d17.12
MinimumVisualStudioVersion = 10.0.40219.1
Project("{FAE04EC0-301F-11D3-BF4B-00C04F79EFBC}") = "Constructor", "Constructor.csproj", "{6FA6E0AB-A696-40C7-AD45-B60148964952}"
EndProject
Project("{FAE04EC0-301F-11D3-BF4B-00C04F79EFBC}") = "Constructor_1", "..\Constructor_1\Constructor_1.csproj", "{3621E938-9CBE-4C38-8544-5F223CB4A478}"
EndProject
Global
	GlobalSection(SolutionConfigurationPlatforms) = preSolution
		Debug|Any CPU = Debug|Any CPU
		Release|Any CPU = Release|Any CPU
	EndGlobalSection
	GlobalSection(ProjectConfigurationPlatforms) = postSolution
		{6FA6E0AB-A696-40C7-AD45-B60148964952}.Debug|Any CPU.ActiveCfg = Debug|Any CPU
		{6FA6E0AB-A696-40C7-AD45-B60148964952}.Debug|Any CPU.Build.0 = Debug|Any CPU
		{6FA6E0AB-A696-40C7-AD45-B60148964952}.Release|Any CPU.ActiveCfg = Release|Any CPU
		{6FA6E0AB-A696-40C7-AD45-B60148964952}.Release|Any CPU.Build.0 = Release|Any CPU
		{3621E938-9CBE-4C38-8544-5F223CB4A478}.Debug|Any CPU.ActiveCfg = Debug|Any CPU
		{3621E938-9CBE-4C38-8544-5F223CB4A478}.Debug|Any CPU.Build.0 = Debug|Any CPU
		{3621E938-9CBE-4C38-8544-5F223CB4A478}.Release|Any CPU.ActiveCfg = Release|Any CPU
		{3621E938-9CBE-4C38-8544-5F223CB4A478}.Release|Any CPU.Build.0 = Release|Any CPU
	EndGlobalSection
	GlobalSection(SolutionProperties) = preSolution
		HideSolutionNode = FALSE
	EndGlobalSection
EndGlobal
